
Microsoft Visual Studio Solution File, Format Version 12.00
# Visual Studio Version 16
VisualStudioVersion = 16.0.30114.105
MinimumVisualStudioVersion = 10.0.40219.1
Project("{2150E333-8FDC-42A3-9474-1A3956D46DE8}") = "src", "src", "{BAF520FF-768C-4E2D-A4D3-8CE4F864388F}"
EndProject
Project("{FAE04EC0-301F-11D3-BF4B-00C04F79EFBC}") = "Benchmark.Http.Sample.ConsoleApp", "src\Benchmark.Http.Sample.ConsoleApp\Benchmark.Http.Sample.ConsoleApp.csproj", "{F2BD827F-F45A-4540-9B08-CC8FC937010B}"
EndProject
Project("{FAE04EC0-301F-11D3-BF4B-00C04F79EFBC}") = "Benchmark.Http.Sample.Api", "src\Benchmark.Http.Sample.Api\Benchmark.Http.Sample.Api.csproj", "{A7844D9C-CF1E-4166-8D5F-C4ABCADF01FF}"
EndProject
Global
	GlobalSection(SolutionConfigurationPlatforms) = preSolution
		Debug|Any CPU = Debug|Any CPU
		Debug|x64 = Debug|x64
		Debug|x86 = Debug|x86
		Release|Any CPU = Release|Any CPU
		Release|x64 = Release|x64
		Release|x86 = Release|x86
	EndGlobalSection
	GlobalSection(SolutionProperties) = preSolution
		HideSolutionNode = FALSE
	EndGlobalSection
	GlobalSection(ProjectConfigurationPlatforms) = postSolution
		{F2BD827F-F45A-4540-9B08-CC8FC937010B}.Debug|Any CPU.ActiveCfg = Debug|Any CPU
		{F2BD827F-F45A-4540-9B08-CC8FC937010B}.Debug|Any CPU.Build.0 = Debug|Any CPU
		{F2BD827F-F45A-4540-9B08-CC8FC937010B}.Debug|x64.ActiveCfg = Debug|Any CPU
		{F2BD827F-F45A-4540-9B08-CC8FC937010B}.Debug|x64.Build.0 = Debug|Any CPU
		{F2BD827F-F45A-4540-9B08-CC8FC937010B}.Debug|x86.ActiveCfg = Debug|Any CPU
		{F2BD827F-F45A-4540-9B08-CC8FC937010B}.Debug|x86.Build.0 = Debug|Any CPU
		{F2BD827F-F45A-4540-9B08-CC8FC937010B}.Release|Any CPU.ActiveCfg = Release|Any CPU
		{F2BD827F-F45A-4540-9B08-CC8FC937010B}.Release|Any CPU.Build.0 = Release|Any CPU
		{F2BD827F-F45A-4540-9B08-CC8FC937010B}.Release|x64.ActiveCfg = Release|Any CPU
		{F2BD827F-F45A-4540-9B08-CC8FC937010B}.Release|x64.Build.0 = Release|Any CPU
		{F2BD827F-F45A-4540-9B08-CC8FC937010B}.Release|x86.ActiveCfg = Release|Any CPU
		{F2BD827F-F45A-4540-9B08-CC8FC937010B}.Release|x86.Build.0 = Release|Any CPU
		{A7844D9C-CF1E-4166-8D5F-C4ABCADF01FF}.Debug|Any CPU.ActiveCfg = Debug|Any CPU
		{A7844D9C-CF1E-4166-8D5F-C4ABCADF01FF}.Debug|Any CPU.Build.0 = Debug|Any CPU
		{A7844D9C-CF1E-4166-8D5F-C4ABCADF01FF}.Debug|x64.ActiveCfg = Debug|Any CPU
		{A7844D9C-CF1E-4166-8D5F-C4ABCADF01FF}.Debug|x64.Build.0 = Debug|Any CPU
		{A7844D9C-CF1E-4166-8D5F-C4ABCADF01FF}.Debug|x86.ActiveCfg = Debug|Any CPU
		{A7844D9C-CF1E-4166-8D5F-C4ABCADF01FF}.Debug|x86.Build.0 = Debug|Any CPU
		{A7844D9C-CF1E-4166-8D5F-C4ABCADF01FF}.Release|Any CPU.ActiveCfg = Release|Any CPU
		{A7844D9C-CF1E-4166-8D5F-C4ABCADF01FF}.Release|Any CPU.Build.0 = Release|Any CPU
		{A7844D9C-CF1E-4166-8D5F-C4ABCADF01FF}.Release|x64.ActiveCfg = Release|Any CPU
		{A7844D9C-CF1E-4166-8D5F-C4ABCADF01FF}.Release|x64.Build.0 = Release|Any CPU
		{A7844D9C-CF1E-4166-8D5F-C4ABCADF01FF}.Release|x86.ActiveCfg = Release|Any CPU
		{A7844D9C-CF1E-4166-8D5F-C4ABCADF01FF}.Release|x86.Build.0 = Release|Any CPU
	EndGlobalSection
	GlobalSection(NestedProjects) = preSolution
		{F2BD827F-F45A-4540-9B08-CC8FC937010B} = {BAF520FF-768C-4E2D-A4D3-8CE4F864388F}
		{A7844D9C-CF1E-4166-8D5F-C4ABCADF01FF} = {BAF520FF-768C-4E2D-A4D3-8CE4F864388F}
	EndGlobalSection
EndGlobal
